
Microsoft Visual Studio Solution File, Format Version 12.00
# Visual Studio Version 17
VisualStudioVersion = 17.4.33110.190
MinimumVisualStudioVersion = 10.0.40219.1
Project("{FAE04EC0-301F-11D3-BF4B-00C04F79EFBC}") = "Крестики-нолики", "Крестики-нолики\Крестики-нолики.csproj", "{F9FC7788-474C-4376-9A9E-272C5D659ABB}"
EndProject
Global
	GlobalSection(SolutionConfigurationPlatforms) = preSolution
		Debug|Any CPU = Debug|Any CPU
		Release|Any CPU = Release|Any CPU
	EndGlobalSection
	GlobalSection(ProjectConfigurationPlatforms) = postSolution
		{F9FC7788-474C-4376-9A9E-272C5D659ABB}.Debug|Any CPU.ActiveCfg = Debug|Any CPU
		{F9FC7788-474C-4376-9A9E-272C5D659ABB}.Debug|Any CPU.Build.0 = Debug|Any CPU
		{F9FC7788-474C-4376-9A9E-272C5D659ABB}.Release|Any CPU.ActiveCfg = Release|Any CPU
		{F9FC7788-474C-4376-9A9E-272C5D659ABB}.Release|Any CPU.Build.0 = Release|Any CPU
	EndGlobalSection
	GlobalSection(SolutionProperties) = preSolution
		HideSolutionNode = FALSE
	EndGlobalSection
	GlobalSection(ExtensibilityGlobals) = postSolution
		SolutionGuid = {AD8D2F35-A8FB-4432-8481-1D7E111F50FD}
	EndGlobalSection
EndGlobal
